// !$*UTF8*$!
{
	archiveVersion = 1;
	classes = {
	};
	objectVersion = 56;
	objects = {

/* Begin PBXBuildFile section */
		4A8CF95C2A069379005BC86C /* AppDelegate.swift in Sources */ = {isa = PBXBuildFile; fileRef = 4A8CF95B2A069379005BC86C /* AppDelegate.swift */; };
		4A8CF95E2A069379005BC86C /* SceneDelegate.swift in Sources */ = {isa = PBXBuildFile; fileRef = 4A8CF95D2A069379005BC86C /* SceneDelegate.swift */; };
		4A8CF9602A069379005BC86C /* RMTabViewController.swift in Sources */ = {isa = PBXBuildFile; fileRef = 4A8CF95F2A069379005BC86C /* RMTabViewController.swift */; };
		4A8CF9652A069379005BC86C /* Assets.xcassets in Resources */ = {isa = PBXBuildFile; fileRef = 4A8CF9642A069379005BC86C /* Assets.xcassets */; };
		4A8CF9682A069379005BC86C /* LaunchScreen.storyboard in Resources */ = {isa = PBXBuildFile; fileRef = 4A8CF9662A069379005BC86C /* LaunchScreen.storyboard */; };
		4A8CF97A2A069B06005BC86C /* RMLocation.swift in Sources */ = {isa = PBXBuildFile; fileRef = 4A8CF9792A069B06005BC86C /* RMLocation.swift */; };
		4A8CF97C2A069B17005BC86C /* RMCharacter.swift in Sources */ = {isa = PBXBuildFile; fileRef = 4A8CF97B2A069B17005BC86C /* RMCharacter.swift */; };
		4A8CF97E2A069B29005BC86C /* RMEpisode.swift in Sources */ = {isa = PBXBuildFile; fileRef = 4A8CF97D2A069B29005BC86C /* RMEpisode.swift */; };
		4A8CF9812A069BDD005BC86C /* RMCharacterViewController.swift in Sources */ = {isa = PBXBuildFile; fileRef = 4A8CF9802A069BDD005BC86C /* RMCharacterViewController.swift */; };
		4A8CF9832A069C1C005BC86C /* RMLocationViewController.swift in Sources */ = {isa = PBXBuildFile; fileRef = 4A8CF9822A069C1C005BC86C /* RMLocationViewController.swift */; };
		4A8CF9852A069C36005BC86C /* RMEpisodeViewController.swift in Sources */ = {isa = PBXBuildFile; fileRef = 4A8CF9842A069C36005BC86C /* RMEpisodeViewController.swift */; };
		4A8CF9872A069C3F005BC86C /* RMSettingsViewController.swift in Sources */ = {isa = PBXBuildFile; fileRef = 4A8CF9862A069C3F005BC86C /* RMSettingsViewController.swift */; };
		4AE93C142A0C83E800CA0784 /* RMService.swift in Sources */ = {isa = PBXBuildFile; fileRef = 4AE93C132A0C83E800CA0784 /* RMService.swift */; };
		4AE93C162A0C840100CA0784 /* RMRequest.swift in Sources */ = {isa = PBXBuildFile; fileRef = 4AE93C152A0C840100CA0784 /* RMRequest.swift */; };
		4AE93C182A0C84F300CA0784 /* RMEndpoint.swift in Sources */ = {isa = PBXBuildFile; fileRef = 4AE93C172A0C84F300CA0784 /* RMEndpoint.swift */; };
/* End PBXBuildFile section */

/* Begin PBXFileReference section */
		4A8CF9582A069379005BC86C /* RickAndMorti.app */ = {isa = PBXFileReference; explicitFileType = wrapper.application; includeInIndex = 0; path = RickAndMorti.app; sourceTree = BUILT_PRODUCTS_DIR; };
		4A8CF95B2A069379005BC86C /* AppDelegate.swift */ = {isa = PBXFileReference; lastKnownFileType = sourcecode.swift; path = AppDelegate.swift; sourceTree = "<group>"; };
		4A8CF95D2A069379005BC86C /* SceneDelegate.swift */ = {isa = PBXFileReference; lastKnownFileType = sourcecode.swift; path = SceneDelegate.swift; sourceTree = "<group>"; };
		4A8CF95F2A069379005BC86C /* RMTabViewController.swift */ = {isa = PBXFileReference; lastKnownFileType = sourcecode.swift; path = RMTabViewController.swift; sourceTree = "<group>"; };
		4A8CF9642A069379005BC86C /* Assets.xcassets */ = {isa = PBXFileReference; lastKnownFileType = folder.assetcatalog; path = Assets.xcassets; sourceTree = "<group>"; };
		4A8CF9672A069379005BC86C /* Base */ = {isa = PBXFileReference; lastKnownFileType = file.storyboard; name = Base; path = Base.lproj/LaunchScreen.storyboard; sourceTree = "<group>"; };
		4A8CF9692A069379005BC86C /* Info.plist */ = {isa = PBXFileReference; lastKnownFileType = text.plist.xml; path = Info.plist; sourceTree = "<group>"; };
		4A8CF9792A069B06005BC86C /* RMLocation.swift */ = {isa = PBXFileReference; fileEncoding = 4; lastKnownFileType = sourcecode.swift; path = RMLocation.swift; sourceTree = "<group>"; };
		4A8CF97B2A069B17005BC86C /* RMCharacter.swift */ = {isa = PBXFileReference; lastKnownFileType = sourcecode.swift; path = RMCharacter.swift; sourceTree = "<group>"; };
		4A8CF97D2A069B29005BC86C /* RMEpisode.swift */ = {isa = PBXFileReference; lastKnownFileType = sourcecode.swift; path = RMEpisode.swift; sourceTree = "<group>"; };
		4A8CF9802A069BDD005BC86C /* RMCharacterViewController.swift */ = {isa = PBXFileReference; lastKnownFileType = sourcecode.swift; path = RMCharacterViewController.swift; sourceTree = "<group>"; };
		4A8CF9822A069C1C005BC86C /* RMLocationViewController.swift */ = {isa = PBXFileReference; lastKnownFileType = sourcecode.swift; path = RMLocationViewController.swift; sourceTree = "<group>"; };
		4A8CF9842A069C36005BC86C /* RMEpisodeViewController.swift */ = {isa = PBXFileReference; lastKnownFileType = sourcecode.swift; path = RMEpisodeViewController.swift; sourceTree = "<group>"; };
		4A8CF9862A069C3F005BC86C /* RMSettingsViewController.swift */ = {isa = PBXFileReference; lastKnownFileType = sourcecode.swift; path = RMSettingsViewController.swift; sourceTree = "<group>"; };
		4AE93C132A0C83E800CA0784 /* RMService.swift */ = {isa = PBXFileReference; lastKnownFileType = sourcecode.swift; path = RMService.swift; sourceTree = "<group>"; };
		4AE93C152A0C840100CA0784 /* RMRequest.swift */ = {isa = PBXFileReference; lastKnownFileType = sourcecode.swift; path = RMRequest.swift; sourceTree = "<group>"; };
		4AE93C172A0C84F300CA0784 /* RMEndpoint.swift */ = {isa = PBXFileReference; lastKnownFileType = sourcecode.swift; path = RMEndpoint.swift; sourceTree = "<group>"; };
/* End PBXFileReference section */

/* Begin PBXFrameworksBuildPhase section */
		4A8CF9552A069379005BC86C /* Frameworks */ = {
			isa = PBXFrameworksBuildPhase;
			buildActionMask = 2147483647;
			files = (
			);
			runOnlyForDeploymentPostprocessing = 0;
		};
/* End PBXFrameworksBuildPhase section */

/* Begin PBXGroup section */
		4A8CF94F2A069379005BC86C = {
			isa = PBXGroup;
			children = (
				4A8CF95A2A069379005BC86C /* RickAndMorti */,
				4A8CF9592A069379005BC86C /* Products */,
			);
			sourceTree = "<group>";
		};
		4A8CF9592A069379005BC86C /* Products */ = {
			isa = PBXGroup;
			children = (
				4A8CF9582A069379005BC86C /* RickAndMorti.app */,
			);
			name = Products;
			sourceTree = "<group>";
		};
		4A8CF95A2A069379005BC86C /* RickAndMorti */ = {
			isa = PBXGroup;
			children = (
				4A8CF9762A0695C0005BC86C /* Resources */,
				4A8CF9752A0695B5005BC86C /* Managers */,
				4A8CF9742A06959B005BC86C /* APIClient */,
				4A8CF9722A069581005BC86C /* ViewModels */,
				4A8CF9712A06956E005BC86C /* Views */,
				4A8CF9702A069564005BC86C /* Models */,
				4A8CF96F2A069550005BC86C /* Controllers */,
				4A8CF9692A069379005BC86C /* Info.plist */,
			);
			path = RickAndMorti;
			sourceTree = "<group>";
		};
		4A8CF96F2A069550005BC86C /* Controllers */ = {
			isa = PBXGroup;
			children = (
				4A8CF97F2A069B97005BC86C /* Core */,
			);
			path = Controllers;
			sourceTree = "<group>";
		};
		4A8CF9702A069564005BC86C /* Models */ = {
			isa = PBXGroup;
			children = (
				4A8CF9792A069B06005BC86C /* RMLocation.swift */,
				4A8CF97B2A069B17005BC86C /* RMCharacter.swift */,
				4A8CF97D2A069B29005BC86C /* RMEpisode.swift */,
			);
			path = Models;
			sourceTree = "<group>";
		};
		4A8CF9712A06956E005BC86C /* Views */ = {
			isa = PBXGroup;
			children = (
			);
			path = Views;
			sourceTree = "<group>";
		};
		4A8CF9722A069581005BC86C /* ViewModels */ = {
			isa = PBXGroup;
			children = (
			);
			path = ViewModels;
			sourceTree = "<group>";
		};
		4A8CF9742A06959B005BC86C /* APIClient */ = {
			isa = PBXGroup;
			children = (
				4AE93C132A0C83E800CA0784 /* RMService.swift */,
				4AE93C152A0C840100CA0784 /* RMRequest.swift */,
				4AE93C172A0C84F300CA0784 /* RMEndpoint.swift */,
			);
			path = APIClient;
			sourceTree = "<group>";
		};
		4A8CF9752A0695B5005BC86C /* Managers */ = {
			isa = PBXGroup;
			children = (
			);
			path = Managers;
			sourceTree = "<group>";
		};
		4A8CF9762A0695C0005BC86C /* Resources */ = {
			isa = PBXGroup;
			children = (
				4A8CF9642A069379005BC86C /* Assets.xcassets */,
				4A8CF9662A069379005BC86C /* LaunchScreen.storyboard */,
				4A8CF95B2A069379005BC86C /* AppDelegate.swift */,
				4A8CF95D2A069379005BC86C /* SceneDelegate.swift */,
			);
			path = Resources;
			sourceTree = "<group>";
		};
		4A8CF97F2A069B97005BC86C /* Core */ = {
			isa = PBXGroup;
			children = (
				4A8CF95F2A069379005BC86C /* RMTabViewController.swift */,
				4A8CF9802A069BDD005BC86C /* RMCharacterViewController.swift */,
				4A8CF9822A069C1C005BC86C /* RMLocationViewController.swift */,
				4A8CF9842A069C36005BC86C /* RMEpisodeViewController.swift */,
				4A8CF9862A069C3F005BC86C /* RMSettingsViewController.swift */,
			);
			path = Core;
			sourceTree = "<group>";
		};
/* End PBXGroup section */

/* Begin PBXNativeTarget section */
		4A8CF9572A069379005BC86C /* RickAndMorti */ = {
			isa = PBXNativeTarget;
			buildConfigurationList = 4A8CF96C2A069379005BC86C /* Build configuration list for PBXNativeTarget "RickAndMorti" */;
			buildPhases = (
				4A8CF9542A069379005BC86C /* Sources */,
				4A8CF9552A069379005BC86C /* Frameworks */,
				4A8CF9562A069379005BC86C /* Resources */,
			);
			buildRules = (
			);
			dependencies = (
			);
			name = RickAndMorti;
			productName = RickAndMorti;
			productReference = 4A8CF9582A069379005BC86C /* RickAndMorti.app */;
			productType = "com.apple.product-type.application";
		};
/* End PBXNativeTarget section */

/* Begin PBXProject section */
		4A8CF9502A069379005BC86C /* Project object */ = {
			isa = PBXProject;
			attributes = {
				BuildIndependentTargetsInParallel = 1;
				LastSwiftUpdateCheck = 1430;
				LastUpgradeCheck = 1430;
				TargetAttributes = {
					4A8CF9572A069379005BC86C = {
						CreatedOnToolsVersion = 14.3;
					};
				};
			};
			buildConfigurationList = 4A8CF9532A069379005BC86C /* Build configuration list for PBXProject "RickAndMorti" */;
			compatibilityVersion = "Xcode 14.0";
			developmentRegion = en;
			hasScannedForEncodings = 0;
			knownRegions = (
				en,
				Base,
			);
			mainGroup = 4A8CF94F2A069379005BC86C;
			productRefGroup = 4A8CF9592A069379005BC86C /* Products */;
			projectDirPath = "";
			projectRoot = "";
			targets = (
				4A8CF9572A069379005BC86C /* RickAndMorti */,
			);
		};
/* End PBXProject section */

/* Begin PBXResourcesBuildPhase section */
		4A8CF9562A069379005BC86C /* Resources */ = {
			isa = PBXResourcesBuildPhase;
			buildActionMask = 2147483647;
			files = (
				4A8CF9682A069379005BC86C /* LaunchScreen.storyboard in Resources */,
				4A8CF9652A069379005BC86C /* Assets.xcassets in Resources */,
			);
			runOnlyForDeploymentPostprocessing = 0;
		};
/* End PBXResourcesBuildPhase section */

/* Begin PBXSourcesBuildPhase section */
		4A8CF9542A069379005BC86C /* Sources */ = {
			isa = PBXSourcesBuildPhase;
			buildActionMask = 2147483647;
			files = (
				4A8CF9832A069C1C005BC86C /* RMLocationViewController.swift in Sources */,
				4A8CF97E2A069B29005BC86C /* RMEpisode.swift in Sources */,
				4A8CF9602A069379005BC86C /* RMTabViewController.swift in Sources */,
				4A8CF9852A069C36005BC86C /* RMEpisodeViewController.swift in Sources */,
				4A8CF95C2A069379005BC86C /* AppDelegate.swift in Sources */,
				4A8CF95E2A069379005BC86C /* SceneDelegate.swift in Sources */,
				4A8CF9872A069C3F005BC86C /* RMSettingsViewController.swift in Sources */,
				4AE93C142A0C83E800CA0784 /* RMService.swift in Sources */,
				4A8CF97A2A069B06005BC86C /* RMLocation.swift in Sources */,
				4AE93C182A0C84F300CA0784 /* RMEndpoint.swift in Sources */,
				4A8CF97C2A069B17005BC86C /* RMCharacter.swift in Sources */,
				4AE93C162A0C840100CA0784 /* RMRequest.swift in Sources */,
				4A8CF9812A069BDD005BC86C /* RMCharacterViewController.swift in Sources */,
			);
			runOnlyForDeploymentPostprocessing = 0;
		};
/* End PBXSourcesBuildPhase section */

/* Begin PBXVariantGroup section */
		4A8CF9662A069379005BC86C /* LaunchScreen.storyboard */ = {
			isa = PBXVariantGroup;
			children = (
				4A8CF9672A069379005BC86C /* Base */,
			);
			name = LaunchScreen.storyboard;
			sourceTree = "<group>";
		};
/* End PBXVariantGroup section */

/* Begin XCBuildConfiguration section */
		4A8CF96A2A069379005BC86C /* Debug */ = {
			isa = XCBuildConfiguration;
			buildSettings = {
				ALWAYS_SEARCH_USER_PATHS = NO;
				CLANG_ANALYZER_NONNULL = YES;
				CLANG_ANALYZER_NUMBER_OBJECT_CONVERSION = YES_AGGRESSIVE;
				CLANG_CXX_LANGUAGE_STANDARD = "gnu++20";
				CLANG_ENABLE_MODULES = YES;
				CLANG_ENABLE_OBJC_ARC = YES;
				CLANG_ENABLE_OBJC_WEAK = YES;
				CLANG_WARN_BLOCK_CAPTURE_AUTORELEASING = YES;
				CLANG_WARN_BOOL_CONVERSION = YES;
				CLANG_WARN_COMMA = YES;
				CLANG_WARN_CONSTANT_CONVERSION = YES;
				CLANG_WARN_DEPRECATED_OBJC_IMPLEMENTATIONS = YES;
				CLANG_WARN_DIRECT_OBJC_ISA_USAGE = YES_ERROR;
				CLANG_WARN_DOCUMENTATION_COMMENTS = YES;
				CLANG_WARN_EMPTY_BODY = YES;
				CLANG_WARN_ENUM_CONVERSION = YES;
				CLANG_WARN_INFINITE_RECURSION = YES;
				CLANG_WARN_INT_CONVERSION = YES;
				CLANG_WARN_NON_LITERAL_NULL_CONVERSION = YES;
				CLANG_WARN_OBJC_IMPLICIT_RETAIN_SELF = YES;
				CLANG_WARN_OBJC_LITERAL_CONVERSION = YES;
				CLANG_WARN_OBJC_ROOT_CLASS = YES_ERROR;
				CLANG_WARN_QUOTED_INCLUDE_IN_FRAMEWORK_HEADER = YES;
				CLANG_WARN_RANGE_LOOP_ANALYSIS = YES;
				CLANG_WARN_STRICT_PROTOTYPES = YES;
				CLANG_WARN_SUSPICIOUS_MOVE = YES;
				CLANG_WARN_UNGUARDED_AVAILABILITY = YES_AGGRESSIVE;
				CLANG_WARN_UNREACHABLE_CODE = YES;
				CLANG_WARN__DUPLICATE_METHOD_MATCH = YES;
				COPY_PHASE_STRIP = NO;
				DEBUG_INFORMATION_FORMAT = dwarf;
				ENABLE_STRICT_OBJC_MSGSEND = YES;
				ENABLE_TESTABILITY = YES;
				GCC_C_LANGUAGE_STANDARD = gnu11;
				GCC_DYNAMIC_NO_PIC = NO;
				GCC_NO_COMMON_BLOCKS = YES;
				GCC_OPTIMIZATION_LEVEL = 0;
				GCC_PREPROCESSOR_DEFINITIONS = (
					"DEBUG=1",
					"$(inherited)",
				);
				GCC_WARN_64_TO_32_BIT_CONVERSION = YES;
				GCC_WARN_ABOUT_RETURN_TYPE = YES_ERROR;
				GCC_WARN_UNDECLARED_SELECTOR = YES;
				GCC_WARN_UNINITIALIZED_AUTOS = YES_AGGRESSIVE;
				GCC_WARN_UNUSED_FUNCTION = YES;
				GCC_WARN_UNUSED_VARIABLE = YES;
				IPHONEOS_DEPLOYMENT_TARGET = 16.4;
				MTL_ENABLE_DEBUG_INFO = INCLUDE_SOURCE;
				MTL_FAST_MATH = YES;
				ONLY_ACTIVE_ARCH = YES;
				SDKROOT = iphoneos;
				SWIFT_ACTIVE_COMPILATION_CONDITIONS = DEBUG;
				SWIFT_OPTIMIZATION_LEVEL = "-Onone";
			};
			name = Debug;
		};
		4A8CF96B2A069379005BC86C /* Release */ = {
			isa = XCBuildConfiguration;
			buildSettings = {
				ALWAYS_SEARCH_USER_PATHS = NO;
				CLANG_ANALYZER_NONNULL = YES;
				CLANG_ANALYZER_NUMBER_OBJECT_CONVERSION = YES_AGGRESSIVE;
				CLANG_CXX_LANGUAGE_STANDARD = "gnu++20";
				CLANG_ENABLE_MODULES = YES;
				CLANG_ENABLE_OBJC_ARC = YES;
				CLANG_ENABLE_OBJC_WEAK = YES;
				CLANG_WARN_BLOCK_CAPTURE_AUTORELEASING = YES;
				CLANG_WARN_BOOL_CONVERSION = YES;
				CLANG_WARN_COMMA = YES;
				CLANG_WARN_CONSTANT_CONVERSION = YES;
				CLANG_WARN_DEPRECATED_OBJC_IMPLEMENTATIONS = YES;
				CLANG_WARN_DIRECT_OBJC_ISA_USAGE = YES_ERROR;
				CLANG_WARN_DOCUMENTATION_COMMENTS = YES;
				CLANG_WARN_EMPTY_BODY = YES;
				CLANG_WARN_ENUM_CONVERSION = YES;
				CLANG_WARN_INFINITE_RECURSION = YES;
				CLANG_WARN_INT_CONVERSION = YES;
				CLANG_WARN_NON_LITERAL_NULL_CONVERSION = YES;
				CLANG_WARN_OBJC_IMPLICIT_RETAIN_SELF = YES;
				CLANG_WARN_OBJC_LITERAL_CONVERSION = YES;
				CLANG_WARN_OBJC_ROOT_CLASS = YES_ERROR;
				CLANG_WARN_QUOTED_INCLUDE_IN_FRAMEWORK_HEADER = YES;
				CLANG_WARN_RANGE_LOOP_ANALYSIS = YES;
				CLANG_WARN_STRICT_PROTOTYPES = YES;
				CLANG_WARN_SUSPICIOUS_MOVE = YES;
				CLANG_WARN_UNGUARDED_AVAILABILITY = YES_AGGRESSIVE;
				CLANG_WARN_UNREACHABLE_CODE = YES;
				CLANG_WARN__DUPLICATE_METHOD_MATCH = YES;
				COPY_PHASE_STRIP = NO;
				DEBUG_INFORMATION_FORMAT = "dwarf-with-dsym";
				ENABLE_NS_ASSERTIONS = NO;
				ENABLE_STRICT_OBJC_MSGSEND = YES;
				GCC_C_LANGUAGE_STANDARD = gnu11;
				GCC_NO_COMMON_BLOCKS = YES;
				GCC_WARN_64_TO_32_BIT_CONVERSION = YES;
				GCC_WARN_ABOUT_RETURN_TYPE = YES_ERROR;
				GCC_WARN_UNDECLARED_SELECTOR = YES;
				GCC_WARN_UNINITIALIZED_AUTOS = YES_AGGRESSIVE;
				GCC_WARN_UNUSED_FUNCTION = YES;
				GCC_WARN_UNUSED_VARIABLE = YES;
				IPHONEOS_DEPLOYMENT_TARGET = 16.4;
				MTL_ENABLE_DEBUG_INFO = NO;
				MTL_FAST_MATH = YES;
				SDKROOT = iphoneos;
				SWIFT_COMPILATION_MODE = wholemodule;
				SWIFT_OPTIMIZATION_LEVEL = "-O";
				VALIDATE_PRODUCT = YES;
			};
			name = Release;
		};
		4A8CF96D2A069379005BC86C /* Debug */ = {
			isa = XCBuildConfiguration;
			buildSettings = {
				ASSETCATALOG_COMPILER_APPICON_NAME = AppIcon;
				ASSETCATALOG_COMPILER_GLOBAL_ACCENT_COLOR_NAME = AccentColor;
				CODE_SIGN_STYLE = Automatic;
				CURRENT_PROJECT_VERSION = 1;
				DEVELOPMENT_TEAM = Q85JY3UZDH;
				GENERATE_INFOPLIST_FILE = YES;
				INFOPLIST_FILE = RickAndMorti/Info.plist;
				INFOPLIST_KEY_UIApplicationSupportsIndirectInputEvents = YES;
				INFOPLIST_KEY_UILaunchStoryboardName = LaunchScreen;
				INFOPLIST_KEY_UISupportedInterfaceOrientations_iPad = "UIInterfaceOrientationPortrait UIInterfaceOrientationPortraitUpsideDown UIInterfaceOrientationLandscapeLeft UIInterfaceOrientationLandscapeRight";
				INFOPLIST_KEY_UISupportedInterfaceOrientations_iPhone = "UIInterfaceOrientationPortrait UIInterfaceOrientationLandscapeLeft UIInterfaceOrientationLandscapeRight";
				LD_RUNPATH_SEARCH_PATHS = (
					"$(inherited)",
					"@executable_path/Frameworks",
				);
				MARKETING_VERSION = 1.0;
				PRODUCT_BUNDLE_IDENTIFIER = kz.maguya.edut3.RickAndMorti;
				PRODUCT_NAME = "$(TARGET_NAME)";
				SWIFT_EMIT_LOC_STRINGS = YES;
				SWIFT_VERSION = 5.0;
				TARGETED_DEVICE_FAMILY = "1,2";
			};
			name = Debug;
		};
		4A8CF96E2A069379005BC86C /* Release */ = {
			isa = XCBuildConfiguration;
			buildSettings = {
				ASSETCATALOG_COMPILER_APPICON_NAME = AppIcon;
				ASSETCATALOG_COMPILER_GLOBAL_ACCENT_COLOR_NAME = AccentColor;
				CODE_SIGN_STYLE = Automatic;
				CURRENT_PROJECT_VERSION = 1;
				DEVELOPMENT_TEAM = Q85JY3UZDH;
				GENERATE_INFOPLIST_FILE = YES;
				INFOPLIST_FILE = RickAndMorti/Info.plist;
				INFOPLIST_KEY_UIApplicationSupportsIndirectInputEvents = YES;
				INFOPLIST_KEY_UILaunchStoryboardName = LaunchScreen;
				INFOPLIST_KEY_UISupportedInterfaceOrientations_iPad = "UIInterfaceOrientationPortrait UIInterfaceOrientationPortraitUpsideDown UIInterfaceOrientationLandscapeLeft UIInterfaceOrientationLandscapeRight";
				INFOPLIST_KEY_UISupportedInterfaceOrientations_iPhone = "UIInterfaceOrientationPortrait UIInterfaceOrientationLandscapeLeft UIInterfaceOrientationLandscapeRight";
				LD_RUNPATH_SEARCH_PATHS = (
					"$(inherited)",
					"@executable_path/Frameworks",
				);
				MARKETING_VERSION = 1.0;
				PRODUCT_BUNDLE_IDENTIFIER = kz.maguya.edut3.RickAndMorti;
				PRODUCT_NAME = "$(TARGET_NAME)";
				SWIFT_EMIT_LOC_STRINGS = YES;
				SWIFT_VERSION = 5.0;
				TARGETED_DEVICE_FAMILY = "1,2";
			};
			name = Release;
		};
/* End XCBuildConfiguration section */

/* Begin XCConfigurationList section */
		4A8CF9532A069379005BC86C /* Build configuration list for PBXProject "RickAndMorti" */ = {
			isa = XCConfigurationList;
			buildConfigurations = (
				4A8CF96A2A069379005BC86C /* Debug */,
				4A8CF96B2A069379005BC86C /* Release */,
			);
			defaultConfigurationIsVisible = 0;
			defaultConfigurationName = Release;
		};
		4A8CF96C2A069379005BC86C /* Build configuration list for PBXNativeTarget "RickAndMorti" */ = {
			isa = XCConfigurationList;
			buildConfigurations = (
				4A8CF96D2A069379005BC86C /* Debug */,
				4A8CF96E2A069379005BC86C /* Release */,
			);
			defaultConfigurationIsVisible = 0;
			defaultConfigurationName = Release;
		};
/* End XCConfigurationList section */
	};
	rootObject = 4A8CF9502A069379005BC86C /* Project object */;
}
